
Microsoft Visual Studio Solution File, Format Version 12.00
# Visual Studio 2013
VisualStudioVersion = 12.0.31101.0
MinimumVisualStudioVersion = 10.0.40219.1
Project("{FAE04EC0-301F-11D3-BF4B-00C04F79EFBC}") = "hrGridChallenge", "hrGridChallenge\hrGridChallenge.csproj", "{14DE9479-A6BD-427B-8FE6-F4D1259A942E}"
EndProject
Project("{FAE04EC0-301F-11D3-BF4B-00C04F79EFBC}") = "TestRunner", "TestRunner\TestRunner.csproj", "{C09904B1-154D-4DB1-8C5E-E6B011FC82B3}"
EndProject
Global
	GlobalSection(SolutionConfigurationPlatforms) = preSolution
		Debug|Any CPU = Debug|Any CPU
		Release|Any CPU = Release|Any CPU
	EndGlobalSection
	GlobalSection(ProjectConfigurationPlatforms) = postSolution
		{14DE9479-A6BD-427B-8FE6-F4D1259A942E}.Debug|Any CPU.ActiveCfg = Debug|Any CPU
		{14DE9479-A6BD-427B-8FE6-F4D1259A942E}.Debug|Any CPU.Build.0 = Debug|Any CPU
		{14DE9479-A6BD-427B-8FE6-F4D1259A942E}.Release|Any CPU.ActiveCfg = Release|Any CPU
		{14DE9479-A6BD-427B-8FE6-F4D1259A942E}.Release|Any CPU.Build.0 = Release|Any CPU
		{C09904B1-154D-4DB1-8C5E-E6B011FC82B3}.Debug|Any CPU.ActiveCfg = Debug|Any CPU
		{C09904B1-154D-4DB1-8C5E-E6B011FC82B3}.Debug|Any CPU.Build.0 = Debug|Any CPU
		{C09904B1-154D-4DB1-8C5E-E6B011FC82B3}.Release|Any CPU.ActiveCfg = Release|Any CPU
		{C09904B1-154D-4DB1-8C5E-E6B011FC82B3}.Release|Any CPU.Build.0 = Release|Any CPU
	EndGlobalSection
	GlobalSection(SolutionProperties) = preSolution
		HideSolutionNode = FALSE
	EndGlobalSection
EndGlobal
